
Microsoft Visual Studio Solution File, Format Version 12.00
# Visual Studio Version 16
VisualStudioVersion = 16.0.29424.173
MinimumVisualStudioVersion = 10.0.40219.1
Project("{FAE04EC0-301F-11D3-BF4B-00C04F79EFBC}") = "IM-Client", "IM-Client\IM-Client.csproj", "{FEC003A7-DF9C-4549-B157-5C4B2D654AAE}"
EndProject
Global
	GlobalSection(SolutionConfigurationPlatforms) = preSolution
		Debug|Any CPU = Debug|Any CPU
		Release|Any CPU = Release|Any CPU
	EndGlobalSection
	GlobalSection(ProjectConfigurationPlatforms) = postSolution
		{FEC003A7-DF9C-4549-B157-5C4B2D654AAE}.Debug|Any CPU.ActiveCfg = Debug|Any CPU
		{FEC003A7-DF9C-4549-B157-5C4B2D654AAE}.Debug|Any CPU.Build.0 = Debug|Any CPU
		{FEC003A7-DF9C-4549-B157-5C4B2D654AAE}.Release|Any CPU.ActiveCfg = Release|Any CPU
		{FEC003A7-DF9C-4549-B157-5C4B2D654AAE}.Release|Any CPU.Build.0 = Release|Any CPU
	EndGlobalSection
	GlobalSection(SolutionProperties) = preSolution
		HideSolutionNode = FALSE
	EndGlobalSection
	GlobalSection(ExtensibilityGlobals) = postSolution
		SolutionGuid = {C53496D4-80BB-4A04-BCAA-B7E3D9B3EBF4}
	EndGlobalSection
EndGlobal
